{
  "name": "io.cordova.hellocordova",
  "version": "1.0.0",
  "lockfileVersion": 2,
  "requires": true,
  "packages": {
    "": {
      "name": "io.cordova.hellocordova",
      "version": "1.0.0",
      "license": "Apache-2.0",
      "devDependencies": {
        "cordova-plugin-geolocation": "^4.1.0",
        "cordova-plugin-whitelist": "^1.3.4"
      }
    },
    "node_modules/cordova-plugin-geolocation": {
      "version": "4.1.0",
      "resolved": "https://registry.npmjs.org/cordova-plugin-geolocation/-/cordova-plugin-geolocation-4.1.0.tgz",
      "integrity": "sha512-y5io/P10xGMxSn2KEqfv/fExK47eA1pmSonJdmDqDsaSADV9JpgdPx0mUSA08+5pzma/OS9R0LoODeDPx7Jvjg==",
      "dev": true,
      "engines": {
        "cordovaDependencies": {
          "3.0.0": {
            "cordova-android": ">=6.3.0"
          },
          "5.0.0": {
            "cordova": ">100"
          }
        }
      }
    },
    "node_modules/cordova-plugin-whitelist": {
      "version": "1.3.4",
      "dev": true,
      "license": "Apache-2.0",
      "engines": {
        "cordovaDependencies": {
          "0.0.0": {
            "cordova-android": ">=4.0.0"
          },
          "2.0.0": {
            "cordova": ">100"
          }
        }
      }
    }
  },
  "dependencies": {
    "cordova-plugin-geolocation": {
      "version": "4.1.0",
      "resolved": "https://registry.npmjs.org/cordova-plugin-geolocation/-/cordova-plugin-geolocation-4.1.0.tgz",
      "integrity": "sha512-y5io/P10xGMxSn2KEqfv/fExK47eA1pmSonJdmDqDsaSADV9JpgdPx0mUSA08+5pzma/OS9R0LoODeDPx7Jvjg==",
      "dev": true
    },
    "cordova-plugin-whitelist": {
      "version": "1.3.4",
      "dev": true
    }
  }
}
